
Microsoft Visual Studio Solution File, Format Version 12.00
# Visual Studio Version 16
VisualStudioVersion = 16.0.31729.503
MinimumVisualStudioVersion = 10.0.40219.1
Project("{FAE04EC0-301F-11D3-BF4B-00C04F79EFBC}") = "WindowsFormsApp1", "WindowsFormsApp1\WindowsFormsApp1.csproj", "{6B28AE1C-39CF-404A-9AF2-14CFD24289B3}"
EndProject
Project("{54435603-DBB4-11D2-8724-00A0C9A8B90C}") = "ERP", "ERP\ERP.vdproj", "{7955B1D2-D565-436D-A3B5-A0D8A48FCFD9}"
EndProject
Global
	GlobalSection(SolutionConfigurationPlatforms) = preSolution
		Debug|Any CPU = Debug|Any CPU
		Release|Any CPU = Release|Any CPU
	EndGlobalSection
	GlobalSection(ProjectConfigurationPlatforms) = postSolution
		{6B28AE1C-39CF-404A-9AF2-14CFD24289B3}.Debug|Any CPU.ActiveCfg = Debug|Any CPU
		{6B28AE1C-39CF-404A-9AF2-14CFD24289B3}.Debug|Any CPU.Build.0 = Debug|Any CPU
		{6B28AE1C-39CF-404A-9AF2-14CFD24289B3}.Release|Any CPU.ActiveCfg = Release|Any CPU
		{6B28AE1C-39CF-404A-9AF2-14CFD24289B3}.Release|Any CPU.Build.0 = Release|Any CPU
		{7955B1D2-D565-436D-A3B5-A0D8A48FCFD9}.Debug|Any CPU.ActiveCfg = Debug
		{7955B1D2-D565-436D-A3B5-A0D8A48FCFD9}.Release|Any CPU.ActiveCfg = Release
	EndGlobalSection
	GlobalSection(SolutionProperties) = preSolution
		HideSolutionNode = FALSE
	EndGlobalSection
	GlobalSection(ExtensibilityGlobals) = postSolution
		SolutionGuid = {BED41739-11AF-45F6-BE6E-F7AF1A82857C}
	EndGlobalSection
EndGlobal
